// !$*UTF8*$!
{
	archiveVersion = 1;
	classes = {
	};
	objectVersion = 50;
	objects = {

/* Begin PBXBuildFile section */
		3A207740258B5DFD002E7095 /* TaskTests.swift in Sources */ = {isa = PBXBuildFile; fileRef = 3A20773F258B5DFD002E7095 /* TaskTests.swift */; };
		3A207746258B5FB7002E7095 /* Task.swift in Sources */ = {isa = PBXBuildFile; fileRef = 3A207745258B5FB7002E7095 /* Task.swift */; };
		3A20774B258B6B07002E7095 /* Location.swift in Sources */ = {isa = PBXBuildFile; fileRef = 3A20774A258B6B07002E7095 /* Location.swift */; };
		3A207750258B6D8A002E7095 /* LocationTests.swift in Sources */ = {isa = PBXBuildFile; fileRef = 3A20774F258B6D8A002E7095 /* LocationTests.swift */; };
		3A207756258B97F2002E7095 /* TaskManagerTests.swift in Sources */ = {isa = PBXBuildFile; fileRef = 3A207755258B97F2002E7095 /* TaskManagerTests.swift */; };
		3A20775F258B98F1002E7095 /* TaskManager.swift in Sources */ = {isa = PBXBuildFile; fileRef = 3A20775E258B98F1002E7095 /* TaskManager.swift */; };
		3A77265A2591F35300F1C153 /* TaskCellTests.swift in Sources */ = {isa = PBXBuildFile; fileRef = 3A7726592591F35300F1C153 /* TaskCellTests.swift */; };
		3A7BE550258CAAC6004848A9 /* TaskListViewControllerTests.swift in Sources */ = {isa = PBXBuildFile; fileRef = 3A7BE54F258CAAC6004848A9 /* TaskListViewControllerTests.swift */; };
		3A7BE55B258CB778004848A9 /* DataProvider.swift in Sources */ = {isa = PBXBuildFile; fileRef = 3A7BE55A258CB778004848A9 /* DataProvider.swift */; };
		3A7BE560258CBB9A004848A9 /* DataProviderTests.swift in Sources */ = {isa = PBXBuildFile; fileRef = 3A7BE55F258CBB9A004848A9 /* DataProviderTests.swift */; };
		3A7BE565258D077E004848A9 /* TaskCell.swift in Sources */ = {isa = PBXBuildFile; fileRef = 3A7BE564258D077E004848A9 /* TaskCell.swift */; };
		3AD97897258A0BD900F48C71 /* AppDelegate.swift in Sources */ = {isa = PBXBuildFile; fileRef = 3AD97896258A0BD900F48C71 /* AppDelegate.swift */; };
		3AD97899258A0BD900F48C71 /* SceneDelegate.swift in Sources */ = {isa = PBXBuildFile; fileRef = 3AD97898258A0BD900F48C71 /* SceneDelegate.swift */; };
		3AD9789B258A0BD900F48C71 /* TaskListViewController.swift in Sources */ = {isa = PBXBuildFile; fileRef = 3AD9789A258A0BD900F48C71 /* TaskListViewController.swift */; };
		3AD9789E258A0BD900F48C71 /* Main.storyboard in Resources */ = {isa = PBXBuildFile; fileRef = 3AD9789C258A0BD900F48C71 /* Main.storyboard */; };
		3AD978A0258A0BDA00F48C71 /* Assets.xcassets in Resources */ = {isa = PBXBuildFile; fileRef = 3AD9789F258A0BDA00F48C71 /* Assets.xcassets */; };
		3AD978A3258A0BDA00F48C71 /* LaunchScreen.storyboard in Resources */ = {isa = PBXBuildFile; fileRef = 3AD978A1258A0BDA00F48C71 /* LaunchScreen.storyboard */; };
		3AD978B2258A0BFA00F48C71 /* ToDoAppTests.swift in Sources */ = {isa = PBXBuildFile; fileRef = 3AD978B1258A0BFA00F48C71 /* ToDoAppTests.swift */; };
		3AD978C2258A0C1B00F48C71 /* ToDoAppUITests.swift in Sources */ = {isa = PBXBuildFile; fileRef = 3AD978C1258A0C1B00F48C71 /* ToDoAppUITests.swift */; };
/* End PBXBuildFile section */

/* Begin PBXContainerItemProxy section */
		3AD978B4258A0BFA00F48C71 /* PBXContainerItemProxy */ = {
			isa = PBXContainerItemProxy;
			containerPortal = 3AD9788B258A0BD800F48C71 /* Project object */;
			proxyType = 1;
			remoteGlobalIDString = 3AD97892258A0BD900F48C71;
			remoteInfo = ToDoApp;
		};
		3AD978C4258A0C1B00F48C71 /* PBXContainerItemProxy */ = {
			isa = PBXContainerItemProxy;
			containerPortal = 3AD9788B258A0BD800F48C71 /* Project object */;
			proxyType = 1;
			remoteGlobalIDString = 3AD97892258A0BD900F48C71;
			remoteInfo = ToDoApp;
		};
/* End PBXContainerItemProxy section */

/* Begin PBXFileReference section */
		3A20773F258B5DFD002E7095 /* TaskTests.swift */ = {isa = PBXFileReference; lastKnownFileType = sourcecode.swift; path = TaskTests.swift; sourceTree = "<group>"; };
		3A207745258B5FB7002E7095 /* Task.swift */ = {isa = PBXFileReference; lastKnownFileType = sourcecode.swift; path = Task.swift; sourceTree = "<group>"; };
		3A20774A258B6B07002E7095 /* Location.swift */ = {isa = PBXFileReference; lastKnownFileType = sourcecode.swift; path = Location.swift; sourceTree = "<group>"; };
		3A20774F258B6D8A002E7095 /* LocationTests.swift */ = {isa = PBXFileReference; lastKnownFileType = sourcecode.swift; path = LocationTests.swift; sourceTree = "<group>"; };
		3A207755258B97F2002E7095 /* TaskManagerTests.swift */ = {isa = PBXFileReference; lastKnownFileType = sourcecode.swift; path = TaskManagerTests.swift; sourceTree = "<group>"; };
		3A20775E258B98F1002E7095 /* TaskManager.swift */ = {isa = PBXFileReference; lastKnownFileType = sourcecode.swift; path = TaskManager.swift; sourceTree = "<group>"; };
		3A7726592591F35300F1C153 /* TaskCellTests.swift */ = {isa = PBXFileReference; lastKnownFileType = sourcecode.swift; path = TaskCellTests.swift; sourceTree = "<group>"; };
		3A7BE54F258CAAC6004848A9 /* TaskListViewControllerTests.swift */ = {isa = PBXFileReference; lastKnownFileType = sourcecode.swift; path = TaskListViewControllerTests.swift; sourceTree = "<group>"; };
		3A7BE55A258CB778004848A9 /* DataProvider.swift */ = {isa = PBXFileReference; lastKnownFileType = sourcecode.swift; path = DataProvider.swift; sourceTree = "<group>"; };
		3A7BE55F258CBB9A004848A9 /* DataProviderTests.swift */ = {isa = PBXFileReference; lastKnownFileType = sourcecode.swift; path = DataProviderTests.swift; sourceTree = "<group>"; };
		3A7BE564258D077E004848A9 /* TaskCell.swift */ = {isa = PBXFileReference; lastKnownFileType = sourcecode.swift; path = TaskCell.swift; sourceTree = "<group>"; };
		3AD97893258A0BD900F48C71 /* ToDoApp.app */ = {isa = PBXFileReference; explicitFileType = wrapper.application; includeInIndex = 0; path = ToDoApp.app; sourceTree = BUILT_PRODUCTS_DIR; };
		3AD97896258A0BD900F48C71 /* AppDelegate.swift */ = {isa = PBXFileReference; lastKnownFileType = sourcecode.swift; path = AppDelegate.swift; sourceTree = "<group>"; };
		3AD97898258A0BD900F48C71 /* SceneDelegate.swift */ = {isa = PBXFileReference; lastKnownFileType = sourcecode.swift; path = SceneDelegate.swift; sourceTree = "<group>"; };
		3AD9789A258A0BD900F48C71 /* TaskListViewController.swift */ = {isa = PBXFileReference; lastKnownFileType = sourcecode.swift; path = TaskListViewController.swift; sourceTree = "<group>"; };
		3AD9789D258A0BD900F48C71 /* Base */ = {isa = PBXFileReference; lastKnownFileType = file.storyboard; name = Base; path = Base.lproj/Main.storyboard; sourceTree = "<group>"; };
		3AD9789F258A0BDA00F48C71 /* Assets.xcassets */ = {isa = PBXFileReference; lastKnownFileType = folder.assetcatalog; path = Assets.xcassets; sourceTree = "<group>"; };
		3AD978A2258A0BDA00F48C71 /* Base */ = {isa = PBXFileReference; lastKnownFileType = file.storyboard; name = Base; path = Base.lproj/LaunchScreen.storyboard; sourceTree = "<group>"; };
		3AD978A4258A0BDA00F48C71 /* Info.plist */ = {isa = PBXFileReference; lastKnownFileType = text.plist.xml; path = Info.plist; sourceTree = "<group>"; };
		3AD978AF258A0BFA00F48C71 /* ToDoAppTests.xctest */ = {isa = PBXFileReference; explicitFileType = wrapper.cfbundle; includeInIndex = 0; path = ToDoAppTests.xctest; sourceTree = BUILT_PRODUCTS_DIR; };
		3AD978B1258A0BFA00F48C71 /* ToDoAppTests.swift */ = {isa = PBXFileReference; lastKnownFileType = sourcecode.swift; path = ToDoAppTests.swift; sourceTree = "<group>"; };
		3AD978B3258A0BFA00F48C71 /* Info.plist */ = {isa = PBXFileReference; lastKnownFileType = text.plist.xml; path = Info.plist; sourceTree = "<group>"; };
		3AD978BF258A0C1B00F48C71 /* ToDoAppUITests.xctest */ = {isa = PBXFileReference; explicitFileType = wrapper.cfbundle; includeInIndex = 0; path = ToDoAppUITests.xctest; sourceTree = BUILT_PRODUCTS_DIR; };
		3AD978C1258A0C1B00F48C71 /* ToDoAppUITests.swift */ = {isa = PBXFileReference; lastKnownFileType = sourcecode.swift; path = ToDoAppUITests.swift; sourceTree = "<group>"; };
		3AD978C3258A0C1B00F48C71 /* Info.plist */ = {isa = PBXFileReference; lastKnownFileType = text.plist.xml; path = Info.plist; sourceTree = "<group>"; };
/* End PBXFileReference section */

/* Begin PBXFrameworksBuildPhase section */
		3AD97890258A0BD900F48C71 /* Frameworks */ = {
			isa = PBXFrameworksBuildPhase;
			buildActionMask = 2147483647;
			files = (
			);
			runOnlyForDeploymentPostprocessing = 0;
		};
		3AD978AC258A0BFA00F48C71 /* Frameworks */ = {
			isa = PBXFrameworksBuildPhase;
			buildActionMask = 2147483647;
			files = (
			);
			runOnlyForDeploymentPostprocessing = 0;
		};
		3AD978BC258A0C1B00F48C71 /* Frameworks */ = {
			isa = PBXFrameworksBuildPhase;
			buildActionMask = 2147483647;
			files = (
			);
			runOnlyForDeploymentPostprocessing = 0;
		};
/* End PBXFrameworksBuildPhase section */

/* Begin PBXGroup section */
		3A207744258B5E11002E7095 /* Model */ = {
			isa = PBXGroup;
			children = (
				3A20773F258B5DFD002E7095 /* TaskTests.swift */,
				3A20774F258B6D8A002E7095 /* LocationTests.swift */,
			);
			path = Model;
			sourceTree = "<group>";
		};
		3A207754258B97C8002E7095 /* Manager */ = {
			isa = PBXGroup;
			children = (
				3A207755258B97F2002E7095 /* TaskManagerTests.swift */,
			);
			path = Manager;
			sourceTree = "<group>";
		};
		3A20775D258B98C1002E7095 /* Manager */ = {
			isa = PBXGroup;
			children = (
				3A20775E258B98F1002E7095 /* TaskManager.swift */,
			);
			path = Manager;
			sourceTree = "<group>";
		};
		3A7726582591F32F00F1C153 /* View */ = {
			isa = PBXGroup;
			children = (
				3A7726592591F35300F1C153 /* TaskCellTests.swift */,
			);
			path = View;
			sourceTree = "<group>";
		};
		3A7BE54E258CAA50004848A9 /* Controller */ = {
			isa = PBXGroup;
			children = (
				3A7BE54F258CAAC6004848A9 /* TaskListViewControllerTests.swift */,
				3A7BE55F258CBB9A004848A9 /* DataProviderTests.swift */,
			);
			path = Controller;
			sourceTree = "<group>";
		};
		3AD9788A258A0BD800F48C71 = {
			isa = PBXGroup;
			children = (
				3AD97895258A0BD900F48C71 /* ToDoApp */,
				3AD978B0258A0BFA00F48C71 /* ToDoAppTests */,
				3AD978C0258A0C1B00F48C71 /* ToDoAppUITests */,
				3AD97894258A0BD900F48C71 /* Products */,
			);
			sourceTree = "<group>";
		};
		3AD97894258A0BD900F48C71 /* Products */ = {
			isa = PBXGroup;
			children = (
				3AD97893258A0BD900F48C71 /* ToDoApp.app */,
				3AD978AF258A0BFA00F48C71 /* ToDoAppTests.xctest */,
				3AD978BF258A0C1B00F48C71 /* ToDoAppUITests.xctest */,
			);
			name = Products;
			sourceTree = "<group>";
		};
		3AD97895258A0BD900F48C71 /* ToDoApp */ = {
			isa = PBXGroup;
			children = (
				3A20775D258B98C1002E7095 /* Manager */,
				3AD978CE258A0C4F00F48C71 /* Controller */,
				3AD978CD258A0C4700F48C71 /* View */,
				3AD978CC258A0C3D00F48C71 /* Model */,
				3AD978D2258A0C7400F48C71 /* Suppoting files */,
			);
			path = ToDoApp;
			sourceTree = "<group>";
		};
		3AD978B0258A0BFA00F48C71 /* ToDoAppTests */ = {
			isa = PBXGroup;
			children = (
				3A7726582591F32F00F1C153 /* View */,
				3A7BE54E258CAA50004848A9 /* Controller */,
				3A207754258B97C8002E7095 /* Manager */,
				3AD978B1258A0BFA00F48C71 /* ToDoAppTests.swift */,
				3AD978B3258A0BFA00F48C71 /* Info.plist */,
				3A207744258B5E11002E7095 /* Model */,
			);
			path = ToDoAppTests;
			sourceTree = "<group>";
		};
		3AD978C0258A0C1B00F48C71 /* ToDoAppUITests */ = {
			isa = PBXGroup;
			children = (
				3AD978C1258A0C1B00F48C71 /* ToDoAppUITests.swift */,
				3AD978C3258A0C1B00F48C71 /* Info.plist */,
			);
			path = ToDoAppUITests;
			sourceTree = "<group>";
		};
		3AD978CC258A0C3D00F48C71 /* Model */ = {
			isa = PBXGroup;
			children = (
				3A207745258B5FB7002E7095 /* Task.swift */,
				3A20774A258B6B07002E7095 /* Location.swift */,
			);
			path = Model;
			sourceTree = "<group>";
		};
		3AD978CD258A0C4700F48C71 /* View */ = {
			isa = PBXGroup;
			children = (
				3A7BE564258D077E004848A9 /* TaskCell.swift */,
			);
			path = View;
			sourceTree = "<group>";
		};
		3AD978CE258A0C4F00F48C71 /* Controller */ = {
			isa = PBXGroup;
			children = (
				3AD9789A258A0BD900F48C71 /* TaskListViewController.swift */,
				3A7BE55A258CB778004848A9 /* DataProvider.swift */,
			);
			path = Controller;
			sourceTree = "<group>";
		};
		3AD978D2258A0C7400F48C71 /* Suppoting files */ = {
			isa = PBXGroup;
			children = (
				3AD97896258A0BD900F48C71 /* AppDelegate.swift */,
				3AD97898258A0BD900F48C71 /* SceneDelegate.swift */,
				3AD9789C258A0BD900F48C71 /* Main.storyboard */,
				3AD9789F258A0BDA00F48C71 /* Assets.xcassets */,
				3AD978A1258A0BDA00F48C71 /* LaunchScreen.storyboard */,
				3AD978A4258A0BDA00F48C71 /* Info.plist */,
			);
			path = "Suppoting files";
			sourceTree = "<group>";
		};
/* End PBXGroup section */

/* Begin PBXNativeTarget section */
		3AD97892258A0BD900F48C71 /* ToDoApp */ = {
			isa = PBXNativeTarget;
			buildConfigurationList = 3AD978A7258A0BDA00F48C71 /* Build configuration list for PBXNativeTarget "ToDoApp" */;
			buildPhases = (
				3AD9788F258A0BD900F48C71 /* Sources */,
				3AD97890258A0BD900F48C71 /* Frameworks */,
				3AD97891258A0BD900F48C71 /* Resources */,
			);
			buildRules = (
			);
			dependencies = (
			);
			name = ToDoApp;
			productName = ToDoApp;
			productReference = 3AD97893258A0BD900F48C71 /* ToDoApp.app */;
			productType = "com.apple.product-type.application";
		};
		3AD978AE258A0BFA00F48C71 /* ToDoAppTests */ = {
			isa = PBXNativeTarget;
			buildConfigurationList = 3AD978B6258A0BFA00F48C71 /* Build configuration list for PBXNativeTarget "ToDoAppTests" */;
			buildPhases = (
				3AD978AB258A0BFA00F48C71 /* Sources */,
				3AD978AC258A0BFA00F48C71 /* Frameworks */,
				3AD978AD258A0BFA00F48C71 /* Resources */,
			);
			buildRules = (
			);
			dependencies = (
				3AD978B5258A0BFA00F48C71 /* PBXTargetDependency */,
			);
			name = ToDoAppTests;
			productName = ToDoAppTests;
			productReference = 3AD978AF258A0BFA00F48C71 /* ToDoAppTests.xctest */;
			productType = "com.apple.product-type.bundle.unit-test";
		};
		3AD978BE258A0C1B00F48C71 /* ToDoAppUITests */ = {
			isa = PBXNativeTarget;
			buildConfigurationList = 3AD978C6258A0C1B00F48C71 /* Build configuration list for PBXNativeTarget "ToDoAppUITests" */;
			buildPhases = (
				3AD978BB258A0C1B00F48C71 /* Sources */,
				3AD978BC258A0C1B00F48C71 /* Frameworks */,
				3AD978BD258A0C1B00F48C71 /* Resources */,
			);
			buildRules = (
			);
			dependencies = (
				3AD978C5258A0C1B00F48C71 /* PBXTargetDependency */,
			);
			name = ToDoAppUITests;
			productName = ToDoAppUITests;
			productReference = 3AD978BF258A0C1B00F48C71 /* ToDoAppUITests.xctest */;
			productType = "com.apple.product-type.bundle.ui-testing";
		};
/* End PBXNativeTarget section */

/* Begin PBXProject section */
		3AD9788B258A0BD800F48C71 /* Project object */ = {
			isa = PBXProject;
			attributes = {
				LastSwiftUpdateCheck = 1220;
				LastUpgradeCheck = 1220;
				TargetAttributes = {
					3AD97892258A0BD900F48C71 = {
						CreatedOnToolsVersion = 12.2;
					};
					3AD978AE258A0BFA00F48C71 = {
						CreatedOnToolsVersion = 12.2;
						TestTargetID = 3AD97892258A0BD900F48C71;
					};
					3AD978BE258A0C1B00F48C71 = {
						CreatedOnToolsVersion = 12.2;
						TestTargetID = 3AD97892258A0BD900F48C71;
					};
				};
			};
			buildConfigurationList = 3AD9788E258A0BD800F48C71 /* Build configuration list for PBXProject "ToDoApp" */;
			compatibilityVersion = "Xcode 9.3";
			developmentRegion = en;
			hasScannedForEncodings = 0;
			knownRegions = (
				en,
				Base,
			);
			mainGroup = 3AD9788A258A0BD800F48C71;
			productRefGroup = 3AD97894258A0BD900F48C71 /* Products */;
			projectDirPath = "";
			projectRoot = "";
			targets = (
				3AD97892258A0BD900F48C71 /* ToDoApp */,
				3AD978AE258A0BFA00F48C71 /* ToDoAppTests */,
				3AD978BE258A0C1B00F48C71 /* ToDoAppUITests */,
			);
		};
/* End PBXProject section */

/* Begin PBXResourcesBuildPhase section */
		3AD97891258A0BD900F48C71 /* Resources */ = {
			isa = PBXResourcesBuildPhase;
			buildActionMask = 2147483647;
			files = (
				3AD978A3258A0BDA00F48C71 /* LaunchScreen.storyboard in Resources */,
				3AD978A0258A0BDA00F48C71 /* Assets.xcassets in Resources */,
				3AD9789E258A0BD900F48C71 /* Main.storyboard in Resources */,
			);
			runOnlyForDeploymentPostprocessing = 0;
		};
		3AD978AD258A0BFA00F48C71 /* Resources */ = {
			isa = PBXResourcesBuildPhase;
			buildActionMask = 2147483647;
			files = (
			);
			runOnlyForDeploymentPostprocessing = 0;
		};
		3AD978BD258A0C1B00F48C71 /* Resources */ = {
			isa = PBXResourcesBuildPhase;
			buildActionMask = 2147483647;
			files = (
			);
			runOnlyForDeploymentPostprocessing = 0;
		};
/* End PBXResourcesBuildPhase section */

/* Begin PBXSourcesBuildPhase section */
		3AD9788F258A0BD900F48C71 /* Sources */ = {
			isa = PBXSourcesBuildPhase;
			buildActionMask = 2147483647;
			files = (
				3A20775F258B98F1002E7095 /* TaskManager.swift in Sources */,
				3A207746258B5FB7002E7095 /* Task.swift in Sources */,
				3AD9789B258A0BD900F48C71 /* TaskListViewController.swift in Sources */,
				3A7BE55B258CB778004848A9 /* DataProvider.swift in Sources */,
				3A7BE565258D077E004848A9 /* TaskCell.swift in Sources */,
				3A20774B258B6B07002E7095 /* Location.swift in Sources */,
				3AD97897258A0BD900F48C71 /* AppDelegate.swift in Sources */,
				3AD97899258A0BD900F48C71 /* SceneDelegate.swift in Sources */,
			);
			runOnlyForDeploymentPostprocessing = 0;
		};
		3AD978AB258A0BFA00F48C71 /* Sources */ = {
			isa = PBXSourcesBuildPhase;
			buildActionMask = 2147483647;
			files = (
				3A207740258B5DFD002E7095 /* TaskTests.swift in Sources */,
				3A207750258B6D8A002E7095 /* LocationTests.swift in Sources */,
				3A77265A2591F35300F1C153 /* TaskCellTests.swift in Sources */,
				3A7BE560258CBB9A004848A9 /* DataProviderTests.swift in Sources */,
				3A207756258B97F2002E7095 /* TaskManagerTests.swift in Sources */,
				3A7BE550258CAAC6004848A9 /* TaskListViewControllerTests.swift in Sources */,
				3AD978B2258A0BFA00F48C71 /* ToDoAppTests.swift in Sources */,
			);
			runOnlyForDeploymentPostprocessing = 0;
		};
		3AD978BB258A0C1B00F48C71 /* Sources */ = {
			isa = PBXSourcesBuildPhase;
			buildActionMask = 2147483647;
			files = (
				3AD978C2258A0C1B00F48C71 /* ToDoAppUITests.swift in Sources */,
			);
			runOnlyForDeploymentPostprocessing = 0;
		};
/* End PBXSourcesBuildPhase section */

/* Begin PBXTargetDependency section */
		3AD978B5258A0BFA00F48C71 /* PBXTargetDependency */ = {
			isa = PBXTargetDependency;
			target = 3AD97892258A0BD900F48C71 /* ToDoApp */;
			targetProxy = 3AD978B4258A0BFA00F48C71 /* PBXContainerItemProxy */;
		};
		3AD978C5258A0C1B00F48C71 /* PBXTargetDependency */ = {
			isa = PBXTargetDependency;
			target = 3AD97892258A0BD900F48C71 /* ToDoApp */;
			targetProxy = 3AD978C4258A0C1B00F48C71 /* PBXContainerItemProxy */;
		};
/* End PBXTargetDependency section */

/* Begin PBXVariantGroup section */
		3AD9789C258A0BD900F48C71 /* Main.storyboard */ = {
			isa = PBXVariantGroup;
			children = (
				3AD9789D258A0BD900F48C71 /* Base */,
			);
			name = Main.storyboard;
			sourceTree = "<group>";
		};
		3AD978A1258A0BDA00F48C71 /* LaunchScreen.storyboard */ = {
			isa = PBXVariantGroup;
			children = (
				3AD978A2258A0BDA00F48C71 /* Base */,
			);
			name = LaunchScreen.storyboard;
			sourceTree = "<group>";
		};
/* End PBXVariantGroup section */

/* Begin XCBuildConfiguration section */
		3AD978A5258A0BDA00F48C71 /* Debug */ = {
			isa = XCBuildConfiguration;
			buildSettings = {
				ALWAYS_SEARCH_USER_PATHS = NO;
				CLANG_ANALYZER_NONNULL = YES;
				CLANG_ANALYZER_NUMBER_OBJECT_CONVERSION = YES_AGGRESSIVE;
				CLANG_CXX_LANGUAGE_STANDARD = "gnu++14";
				CLANG_CXX_LIBRARY = "libc++";
				CLANG_ENABLE_MODULES = YES;
				CLANG_ENABLE_OBJC_ARC = YES;
				CLANG_ENABLE_OBJC_WEAK = YES;
				CLANG_WARN_BLOCK_CAPTURE_AUTORELEASING = YES;
				CLANG_WARN_BOOL_CONVERSION = YES;
				CLANG_WARN_COMMA = YES;
				CLANG_WARN_CONSTANT_CONVERSION = YES;
				CLANG_WARN_DEPRECATED_OBJC_IMPLEMENTATIONS = YES;
				CLANG_WARN_DIRECT_OBJC_ISA_USAGE = YES_ERROR;
				CLANG_WARN_DOCUMENTATION_COMMENTS = YES;
				CLANG_WARN_EMPTY_BODY = YES;
				CLANG_WARN_ENUM_CONVERSION = YES;
				CLANG_WARN_INFINITE_RECURSION = YES;
				CLANG_WARN_INT_CONVERSION = YES;
				CLANG_WARN_NON_LITERAL_NULL_CONVERSION = YES;
				CLANG_WARN_OBJC_IMPLICIT_RETAIN_SELF = YES;
				CLANG_WARN_OBJC_LITERAL_CONVERSION = YES;
				CLANG_WARN_OBJC_ROOT_CLASS = YES_ERROR;
				CLANG_WARN_QUOTED_INCLUDE_IN_FRAMEWORK_HEADER = YES;
				CLANG_WARN_RANGE_LOOP_ANALYSIS = YES;
				CLANG_WARN_STRICT_PROTOTYPES = YES;
				CLANG_WARN_SUSPICIOUS_MOVE = YES;
				CLANG_WARN_UNGUARDED_AVAILABILITY = YES_AGGRESSIVE;
				CLANG_WARN_UNREACHABLE_CODE = YES;
				CLANG_WARN__DUPLICATE_METHOD_MATCH = YES;
				COPY_PHASE_STRIP = NO;
				DEBUG_INFORMATION_FORMAT = dwarf;
				ENABLE_STRICT_OBJC_MSGSEND = YES;
				ENABLE_TESTABILITY = YES;
				GCC_C_LANGUAGE_STANDARD = gnu11;
				GCC_DYNAMIC_NO_PIC = NO;
				GCC_NO_COMMON_BLOCKS = YES;
				GCC_OPTIMIZATION_LEVEL = 0;
				GCC_PREPROCESSOR_DEFINITIONS = (
					"DEBUG=1",
					"$(inherited)",
				);
				GCC_WARN_64_TO_32_BIT_CONVERSION = YES;
				GCC_WARN_ABOUT_RETURN_TYPE = YES_ERROR;
				GCC_WARN_UNDECLARED_SELECTOR = YES;
				GCC_WARN_UNINITIALIZED_AUTOS = YES_AGGRESSIVE;
				GCC_WARN_UNUSED_FUNCTION = YES;
				GCC_WARN_UNUSED_VARIABLE = YES;
				IPHONEOS_DEPLOYMENT_TARGET = 14.2;
				MTL_ENABLE_DEBUG_INFO = INCLUDE_SOURCE;
				MTL_FAST_MATH = YES;
				ONLY_ACTIVE_ARCH = YES;
				SDKROOT = iphoneos;
				SWIFT_ACTIVE_COMPILATION_CONDITIONS = DEBUG;
				SWIFT_OPTIMIZATION_LEVEL = "-Onone";
			};
			name = Debug;
		};
		3AD978A6258A0BDA00F48C71 /* Release */ = {
			isa = XCBuildConfiguration;
			buildSettings = {
				ALWAYS_SEARCH_USER_PATHS = NO;
				CLANG_ANALYZER_NONNULL = YES;
				CLANG_ANALYZER_NUMBER_OBJECT_CONVERSION = YES_AGGRESSIVE;
				CLANG_CXX_LANGUAGE_STANDARD = "gnu++14";
				CLANG_CXX_LIBRARY = "libc++";
				CLANG_ENABLE_MODULES = YES;
				CLANG_ENABLE_OBJC_ARC = YES;
				CLANG_ENABLE_OBJC_WEAK = YES;
				CLANG_WARN_BLOCK_CAPTURE_AUTORELEASING = YES;
				CLANG_WARN_BOOL_CONVERSION = YES;
				CLANG_WARN_COMMA = YES;
				CLANG_WARN_CONSTANT_CONVERSION = YES;
				CLANG_WARN_DEPRECATED_OBJC_IMPLEMENTATIONS = YES;
				CLANG_WARN_DIRECT_OBJC_ISA_USAGE = YES_ERROR;
				CLANG_WARN_DOCUMENTATION_COMMENTS = YES;
				CLANG_WARN_EMPTY_BODY = YES;
				CLANG_WARN_ENUM_CONVERSION = YES;
				CLANG_WARN_INFINITE_RECURSION = YES;
				CLANG_WARN_INT_CONVERSION = YES;
				CLANG_WARN_NON_LITERAL_NULL_CONVERSION = YES;
				CLANG_WARN_OBJC_IMPLICIT_RETAIN_SELF = YES;
				CLANG_WARN_OBJC_LITERAL_CONVERSION = YES;
				CLANG_WARN_OBJC_ROOT_CLASS = YES_ERROR;
				CLANG_WARN_QUOTED_INCLUDE_IN_FRAMEWORK_HEADER = YES;
				CLANG_WARN_RANGE_LOOP_ANALYSIS = YES;
				CLANG_WARN_STRICT_PROTOTYPES = YES;
				CLANG_WARN_SUSPICIOUS_MOVE = YES;
				CLANG_WARN_UNGUARDED_AVAILABILITY = YES_AGGRESSIVE;
				CLANG_WARN_UNREACHABLE_CODE = YES;
				CLANG_WARN__DUPLICATE_METHOD_MATCH = YES;
				COPY_PHASE_STRIP = NO;
				DEBUG_INFORMATION_FORMAT = "dwarf-with-dsym";
				ENABLE_NS_ASSERTIONS = NO;
				ENABLE_STRICT_OBJC_MSGSEND = YES;
				GCC_C_LANGUAGE_STANDARD = gnu11;
				GCC_NO_COMMON_BLOCKS = YES;
				GCC_WARN_64_TO_32_BIT_CONVERSION = YES;
				GCC_WARN_ABOUT_RETURN_TYPE = YES_ERROR;
				GCC_WARN_UNDECLARED_SELECTOR = YES;
				GCC_WARN_UNINITIALIZED_AUTOS = YES_AGGRESSIVE;
				GCC_WARN_UNUSED_FUNCTION = YES;
				GCC_WARN_UNUSED_VARIABLE = YES;
				IPHONEOS_DEPLOYMENT_TARGET = 14.2;
				MTL_ENABLE_DEBUG_INFO = NO;
				MTL_FAST_MATH = YES;
				SDKROOT = iphoneos;
				SWIFT_COMPILATION_MODE = wholemodule;
				SWIFT_OPTIMIZATION_LEVEL = "-O";
				VALIDATE_PRODUCT = YES;
			};
			name = Release;
		};
		3AD978A8258A0BDA00F48C71 /* Debug */ = {
			isa = XCBuildConfiguration;
			buildSettings = {
				ASSETCATALOG_COMPILER_APPICON_NAME = AppIcon;
				ASSETCATALOG_COMPILER_GLOBAL_ACCENT_COLOR_NAME = AccentColor;
				CODE_SIGN_STYLE = Automatic;
				DEVELOPMENT_TEAM = TD5J59L659;
				INFOPLIST_FILE = "ToDoApp/Suppoting files/Info.plist";
				LD_RUNPATH_SEARCH_PATHS = (
					"$(inherited)",
					"@executable_path/Frameworks",
				);
				PRODUCT_BUNDLE_IDENTIFIER = LT.ToDoApp;
				PRODUCT_NAME = "$(TARGET_NAME)";
				SWIFT_VERSION = 5.0;
				TARGETED_DEVICE_FAMILY = "1,2";
			};
			name = Debug;
		};
		3AD978A9258A0BDA00F48C71 /* Release */ = {
			isa = XCBuildConfiguration;
			buildSettings = {
				ASSETCATALOG_COMPILER_APPICON_NAME = AppIcon;
				ASSETCATALOG_COMPILER_GLOBAL_ACCENT_COLOR_NAME = AccentColor;
				CODE_SIGN_STYLE = Automatic;
				DEVELOPMENT_TEAM = TD5J59L659;
				INFOPLIST_FILE = "ToDoApp/Suppoting files/Info.plist";
				LD_RUNPATH_SEARCH_PATHS = (
					"$(inherited)",
					"@executable_path/Frameworks",
				);
				PRODUCT_BUNDLE_IDENTIFIER = LT.ToDoApp;
				PRODUCT_NAME = "$(TARGET_NAME)";
				SWIFT_VERSION = 5.0;
				TARGETED_DEVICE_FAMILY = "1,2";
			};
			name = Release;
		};
		3AD978B7258A0BFA00F48C71 /* Debug */ = {
			isa = XCBuildConfiguration;
			buildSettings = {
				BUNDLE_LOADER = "$(TEST_HOST)";
				CODE_SIGN_STYLE = Automatic;
				DEVELOPMENT_TEAM = TD5J59L659;
				INFOPLIST_FILE = ToDoAppTests/Info.plist;
				LD_RUNPATH_SEARCH_PATHS = (
					"$(inherited)",
					"@executable_path/Frameworks",
					"@loader_path/Frameworks",
				);
				PRODUCT_BUNDLE_IDENTIFIER = LT.ToDoAppTests;
				PRODUCT_NAME = "$(TARGET_NAME)";
				SWIFT_VERSION = 5.0;
				TARGETED_DEVICE_FAMILY = "1,2";
				TEST_HOST = "$(BUILT_PRODUCTS_DIR)/ToDoApp.app/ToDoApp";
			};
			name = Debug;
		};
		3AD978B8258A0BFA00F48C71 /* Release */ = {
			isa = XCBuildConfiguration;
			buildSettings = {
				BUNDLE_LOADER = "$(TEST_HOST)";
				CODE_SIGN_STYLE = Automatic;
				DEVELOPMENT_TEAM = TD5J59L659;
				INFOPLIST_FILE = ToDoAppTests/Info.plist;
				LD_RUNPATH_SEARCH_PATHS = (
					"$(inherited)",
					"@executable_path/Frameworks",
					"@loader_path/Frameworks",
				);
				PRODUCT_BUNDLE_IDENTIFIER = LT.ToDoAppTests;
				PRODUCT_NAME = "$(TARGET_NAME)";
				SWIFT_VERSION = 5.0;
				TARGETED_DEVICE_FAMILY = "1,2";
				TEST_HOST = "$(BUILT_PRODUCTS_DIR)/ToDoApp.app/ToDoApp";
			};
			name = Release;
		};
		3AD978C7258A0C1B00F48C71 /* Debug */ = {
			isa = XCBuildConfiguration;
			buildSettings = {
				CODE_SIGN_STYLE = Automatic;
				DEVELOPMENT_TEAM = TD5J59L659;
				INFOPLIST_FILE = ToDoAppUITests/Info.plist;
				LD_RUNPATH_SEARCH_PATHS = (
					"$(inherited)",
					"@executable_path/Frameworks",
					"@loader_path/Frameworks",
				);
				PRODUCT_BUNDLE_IDENTIFIER = LT.ToDoAppUITests;
				PRODUCT_NAME = "$(TARGET_NAME)";
				SWIFT_VERSION = 5.0;
				TARGETED_DEVICE_FAMILY = "1,2";
				TEST_TARGET_NAME = ToDoApp;
			};
			name = Debug;
		};
		3AD978C8258A0C1B00F48C71 /* Release */ = {
			isa = XCBuildConfiguration;
			buildSettings = {
				CODE_SIGN_STYLE = Automatic;
				DEVELOPMENT_TEAM = TD5J59L659;
				INFOPLIST_FILE = ToDoAppUITests/Info.plist;
				LD_RUNPATH_SEARCH_PATHS = (
					"$(inherited)",
					"@executable_path/Frameworks",
					"@loader_path/Frameworks",
				);
				PRODUCT_BUNDLE_IDENTIFIER = LT.ToDoAppUITests;
				PRODUCT_NAME = "$(TARGET_NAME)";
				SWIFT_VERSION = 5.0;
				TARGETED_DEVICE_FAMILY = "1,2";
				TEST_TARGET_NAME = ToDoApp;
			};
			name = Release;
		};
/* End XCBuildConfiguration section */

/* Begin XCConfigurationList section */
		3AD9788E258A0BD800F48C71 /* Build configuration list for PBXProject "ToDoApp" */ = {
			isa = XCConfigurationList;
			buildConfigurations = (
				3AD978A5258A0BDA00F48C71 /* Debug */,
				3AD978A6258A0BDA00F48C71 /* Release */,
			);
			defaultConfigurationIsVisible = 0;
			defaultConfigurationName = Release;
		};
		3AD978A7258A0BDA00F48C71 /* Build configuration list for PBXNativeTarget "ToDoApp" */ = {
			isa = XCConfigurationList;
			buildConfigurations = (
				3AD978A8258A0BDA00F48C71 /* Debug */,
				3AD978A9258A0BDA00F48C71 /* Release */,
			);
			defaultConfigurationIsVisible = 0;
			defaultConfigurationName = Release;
		};
		3AD978B6258A0BFA00F48C71 /* Build configuration list for PBXNativeTarget "ToDoAppTests" */ = {
			isa = XCConfigurationList;
			buildConfigurations = (
				3AD978B7258A0BFA00F48C71 /* Debug */,
				3AD978B8258A0BFA00F48C71 /* Release */,
			);
			defaultConfigurationIsVisible = 0;
			defaultConfigurationName = Release;
		};
		3AD978C6258A0C1B00F48C71 /* Build configuration list for PBXNativeTarget "ToDoAppUITests" */ = {
			isa = XCConfigurationList;
			buildConfigurations = (
				3AD978C7258A0C1B00F48C71 /* Debug */,
				3AD978C8258A0C1B00F48C71 /* Release */,
			);
			defaultConfigurationIsVisible = 0;
			defaultConfigurationName = Release;
		};
/* End XCConfigurationList section */
	};
	rootObject = 3AD9788B258A0BD800F48C71 /* Project object */;
}
